// !$*UTF8*$!
{
	archiveVersion = 1;
	classes = {
	};
	objectVersion = 50;
	objects = {

/* Begin PBXBuildFile section */
		8347436A23DA5A0D00506372 /* FolderData.swift in Sources */ = {isa = PBXBuildFile; fileRef = 8347436923DA5A0D00506372 /* FolderData.swift */; };
		83CB135423D8E83D00117A88 /* AppDelegate.swift in Sources */ = {isa = PBXBuildFile; fileRef = 83CB135323D8E83D00117A88 /* AppDelegate.swift */; };
		83CB135623D8E83D00117A88 /* SceneDelegate.swift in Sources */ = {isa = PBXBuildFile; fileRef = 83CB135523D8E83D00117A88 /* SceneDelegate.swift */; };
		83CB135B23D8E83D00117A88 /* Main.storyboard in Resources */ = {isa = PBXBuildFile; fileRef = 83CB135923D8E83D00117A88 /* Main.storyboard */; };
		83CB135E23D8E83D00117A88 /* NoteApp.xcdatamodeld in Sources */ = {isa = PBXBuildFile; fileRef = 83CB135C23D8E83D00117A88 /* NoteApp.xcdatamodeld */; };
		83CB136023D8E83E00117A88 /* Assets.xcassets in Resources */ = {isa = PBXBuildFile; fileRef = 83CB135F23D8E83E00117A88 /* Assets.xcassets */; };
		83CB136323D8E83E00117A88 /* LaunchScreen.storyboard in Resources */ = {isa = PBXBuildFile; fileRef = 83CB136123D8E83E00117A88 /* LaunchScreen.storyboard */; };
		83CB137623D8E9EA00117A88 /* NoteCell.swift in Sources */ = {isa = PBXBuildFile; fileRef = 83CB136B23D8E9EA00117A88 /* NoteCell.swift */; };
		83CB137723D8E9EA00117A88 /* FolderCell.swift in Sources */ = {isa = PBXBuildFile; fileRef = 83CB136C23D8E9EA00117A88 /* FolderCell.swift */; };
		83CB137C23D8E9EA00117A88 /* utils.swift in Sources */ = {isa = PBXBuildFile; fileRef = 83CB137223D8E9EA00117A88 /* utils.swift */; };
		83CB137D23D8E9EA00117A88 /* Folder.swift in Sources */ = {isa = PBXBuildFile; fileRef = 83CB137423D8E9EA00117A88 /* Folder.swift */; };
		83CB137E23D8E9EA00117A88 /* Note.swift in Sources */ = {isa = PBXBuildFile; fileRef = 83CB137523D8E9EA00117A88 /* Note.swift */; };
		83CB138023D9F9A300117A88 /* NotesVC.swift in Sources */ = {isa = PBXBuildFile; fileRef = 83CB137F23D9F9A300117A88 /* NotesVC.swift */; };
		83CB138223D9FCC100117A88 /* FoldersVC.swift in Sources */ = {isa = PBXBuildFile; fileRef = 83CB138123D9FCC100117A88 /* FoldersVC.swift */; };
		83CB138423D9FF5F00117A88 /* TakeNoteVC.swift in Sources */ = {isa = PBXBuildFile; fileRef = 83CB138323D9FF5F00117A88 /* TakeNoteVC.swift */; };
		83CB138823DA015800117A88 /* ListFoldersVC.swift in Sources */ = {isa = PBXBuildFile; fileRef = 83CB138723DA015800117A88 /* ListFoldersVC.swift */; };
		83EB1A2423DD39D4005AF19D /* AudioCell.swift in Sources */ = {isa = PBXBuildFile; fileRef = 83EB1A2023DD39D4005AF19D /* AudioCell.swift */; };
		83EB1A2523DD39D4005AF19D /* ImageCell.swift in Sources */ = {isa = PBXBuildFile; fileRef = 83EB1A2123DD39D4005AF19D /* ImageCell.swift */; };
		83EB1A2623DD39D4005AF19D /* AudioCell.xib in Resources */ = {isa = PBXBuildFile; fileRef = 83EB1A2223DD39D4005AF19D /* AudioCell.xib */; };
		83EB1A2723DD39D4005AF19D /* ImageCell.xib in Resources */ = {isa = PBXBuildFile; fileRef = 83EB1A2323DD39D4005AF19D /* ImageCell.xib */; };
		E9B912DF23DD921900BB541C /* MapVC.swift in Sources */ = {isa = PBXBuildFile; fileRef = E9B912DE23DD921900BB541C /* MapVC.swift */; };
/* End PBXBuildFile section */

/* Begin PBXFileReference section */
		8347436923DA5A0D00506372 /* FolderData.swift */ = {isa = PBXFileReference; lastKnownFileType = sourcecode.swift; path = FolderData.swift; sourceTree = "<group>"; };
		83CB135023D8E83D00117A88 /* NoteApp.app */ = {isa = PBXFileReference; explicitFileType = wrapper.application; includeInIndex = 0; path = NoteApp.app; sourceTree = BUILT_PRODUCTS_DIR; };
		83CB135323D8E83D00117A88 /* AppDelegate.swift */ = {isa = PBXFileReference; lastKnownFileType = sourcecode.swift; path = AppDelegate.swift; sourceTree = "<group>"; };
		83CB135523D8E83D00117A88 /* SceneDelegate.swift */ = {isa = PBXFileReference; lastKnownFileType = sourcecode.swift; path = SceneDelegate.swift; sourceTree = "<group>"; };
		83CB135A23D8E83D00117A88 /* Base */ = {isa = PBXFileReference; lastKnownFileType = file.storyboard; name = Base; path = Base.lproj/Main.storyboard; sourceTree = "<group>"; };
		83CB135D23D8E83D00117A88 /* NoteApp.xcdatamodel */ = {isa = PBXFileReference; lastKnownFileType = wrapper.xcdatamodel; path = NoteApp.xcdatamodel; sourceTree = "<group>"; };
		83CB135F23D8E83E00117A88 /* Assets.xcassets */ = {isa = PBXFileReference; lastKnownFileType = folder.assetcatalog; path = Assets.xcassets; sourceTree = "<group>"; };
		83CB136223D8E83E00117A88 /* Base */ = {isa = PBXFileReference; lastKnownFileType = file.storyboard; name = Base; path = Base.lproj/LaunchScreen.storyboard; sourceTree = "<group>"; };
		83CB136423D8E83E00117A88 /* Info.plist */ = {isa = PBXFileReference; lastKnownFileType = text.plist.xml; path = Info.plist; sourceTree = "<group>"; };
		83CB136B23D8E9EA00117A88 /* NoteCell.swift */ = {isa = PBXFileReference; fileEncoding = 4; lastKnownFileType = sourcecode.swift; path = NoteCell.swift; sourceTree = "<group>"; };
		83CB136C23D8E9EA00117A88 /* FolderCell.swift */ = {isa = PBXFileReference; fileEncoding = 4; lastKnownFileType = sourcecode.swift; path = FolderCell.swift; sourceTree = "<group>"; };
		83CB137223D8E9EA00117A88 /* utils.swift */ = {isa = PBXFileReference; fileEncoding = 4; lastKnownFileType = sourcecode.swift; path = utils.swift; sourceTree = "<group>"; };
		83CB137423D8E9EA00117A88 /* Folder.swift */ = {isa = PBXFileReference; fileEncoding = 4; lastKnownFileType = sourcecode.swift; path = Folder.swift; sourceTree = "<group>"; };
		83CB137523D8E9EA00117A88 /* Note.swift */ = {isa = PBXFileReference; fileEncoding = 4; lastKnownFileType = sourcecode.swift; path = Note.swift; sourceTree = "<group>"; };
		83CB137F23D9F9A300117A88 /* NotesVC.swift */ = {isa = PBXFileReference; lastKnownFileType = sourcecode.swift; path = NotesVC.swift; sourceTree = "<group>"; };
		83CB138123D9FCC100117A88 /* FoldersVC.swift */ = {isa = PBXFileReference; lastKnownFileType = sourcecode.swift; path = FoldersVC.swift; sourceTree = "<group>"; };
		83CB138323D9FF5F00117A88 /* TakeNoteVC.swift */ = {isa = PBXFileReference; lastKnownFileType = sourcecode.swift; path = TakeNoteVC.swift; sourceTree = "<group>"; };
		83CB138723DA015800117A88 /* ListFoldersVC.swift */ = {isa = PBXFileReference; lastKnownFileType = sourcecode.swift; path = ListFoldersVC.swift; sourceTree = "<group>"; };
		83EB1A2023DD39D4005AF19D /* AudioCell.swift */ = {isa = PBXFileReference; fileEncoding = 4; lastKnownFileType = sourcecode.swift; path = AudioCell.swift; sourceTree = "<group>"; };
		83EB1A2123DD39D4005AF19D /* ImageCell.swift */ = {isa = PBXFileReference; fileEncoding = 4; lastKnownFileType = sourcecode.swift; path = ImageCell.swift; sourceTree = "<group>"; };
		83EB1A2223DD39D4005AF19D /* AudioCell.xib */ = {isa = PBXFileReference; fileEncoding = 4; lastKnownFileType = file.xib; path = AudioCell.xib; sourceTree = "<group>"; };
		83EB1A2323DD39D4005AF19D /* ImageCell.xib */ = {isa = PBXFileReference; fileEncoding = 4; lastKnownFileType = file.xib; path = ImageCell.xib; sourceTree = "<group>"; };
		E9B912DE23DD921900BB541C /* MapVC.swift */ = {isa = PBXFileReference; lastKnownFileType = sourcecode.swift; path = MapVC.swift; sourceTree = "<group>"; };
/* End PBXFileReference section */

/* Begin PBXFrameworksBuildPhase section */
		83CB134D23D8E83D00117A88 /* Frameworks */ = {
			isa = PBXFrameworksBuildPhase;
			buildActionMask = 2147483647;
			files = (
			);
			runOnlyForDeploymentPostprocessing = 0;
		};
/* End PBXFrameworksBuildPhase section */

/* Begin PBXGroup section */
		83CB134723D8E83D00117A88 = {
			isa = PBXGroup;
			children = (
				83CB135223D8E83D00117A88 /* NoteApp */,
				83CB135123D8E83D00117A88 /* Products */,
			);
			sourceTree = "<group>";
		};
		83CB135123D8E83D00117A88 /* Products */ = {
			isa = PBXGroup;
			children = (
				83CB135023D8E83D00117A88 /* NoteApp.app */,
			);
			name = Products;
			sourceTree = "<group>";
		};
		83CB135223D8E83D00117A88 /* NoteApp */ = {
			isa = PBXGroup;
			children = (
				83CB136A23D8E9EA00117A88 /* Cells */,
				83CB136D23D8E9EA00117A88 /* Controllers */,
				83CB137323D8E9EA00117A88 /* Models */,
				83CB137223D8E9EA00117A88 /* utils.swift */,
				83CB135323D8E83D00117A88 /* AppDelegate.swift */,
				83CB135523D8E83D00117A88 /* SceneDelegate.swift */,
				83CB135923D8E83D00117A88 /* Main.storyboard */,
				83CB135F23D8E83E00117A88 /* Assets.xcassets */,
				83CB136123D8E83E00117A88 /* LaunchScreen.storyboard */,
				83CB136423D8E83E00117A88 /* Info.plist */,
				83CB135C23D8E83D00117A88 /* NoteApp.xcdatamodeld */,
			);
			path = NoteApp;
			sourceTree = "<group>";
		};
		83CB136A23D8E9EA00117A88 /* Cells */ = {
			isa = PBXGroup;
			children = (
				83EB1A2023DD39D4005AF19D /* AudioCell.swift */,
				83EB1A2223DD39D4005AF19D /* AudioCell.xib */,
				83EB1A2123DD39D4005AF19D /* ImageCell.swift */,
				83EB1A2323DD39D4005AF19D /* ImageCell.xib */,
				83CB136B23D8E9EA00117A88 /* NoteCell.swift */,
				83CB136C23D8E9EA00117A88 /* FolderCell.swift */,
			);
			path = Cells;
			sourceTree = "<group>";
		};
		83CB136D23D8E9EA00117A88 /* Controllers */ = {
			isa = PBXGroup;
			children = (
				83CB137F23D9F9A300117A88 /* NotesVC.swift */,
				83CB138123D9FCC100117A88 /* FoldersVC.swift */,
				83CB138323D9FF5F00117A88 /* TakeNoteVC.swift */,
				83CB138723DA015800117A88 /* ListFoldersVC.swift */,
				E9B912DE23DD921900BB541C /* MapVC.swift */,
			);
			path = Controllers;
			sourceTree = "<group>";
		};
		83CB137323D8E9EA00117A88 /* Models */ = {
			isa = PBXGroup;
			children = (
				83CB137423D8E9EA00117A88 /* Folder.swift */,
				83CB137523D8E9EA00117A88 /* Note.swift */,
				8347436923DA5A0D00506372 /* FolderData.swift */,
			);
			path = Models;
			sourceTree = "<group>";
		};
/* End PBXGroup section */

/* Begin PBXNativeTarget section */
		83CB134F23D8E83D00117A88 /* NoteApp */ = {
			isa = PBXNativeTarget;
			buildConfigurationList = 83CB136723D8E83E00117A88 /* Build configuration list for PBXNativeTarget "NoteApp" */;
			buildPhases = (
				83CB134C23D8E83D00117A88 /* Sources */,
				83CB134D23D8E83D00117A88 /* Frameworks */,
				83CB134E23D8E83D00117A88 /* Resources */,
			);
			buildRules = (
			);
			dependencies = (
			);
			name = NoteApp;
			productName = NoteApp;
			productReference = 83CB135023D8E83D00117A88 /* NoteApp.app */;
			productType = "com.apple.product-type.application";
		};
/* End PBXNativeTarget section */

/* Begin PBXProject section */
		83CB134823D8E83D00117A88 /* Project object */ = {
			isa = PBXProject;
			attributes = {
				LastSwiftUpdateCheck = 1130;
				LastUpgradeCheck = 1130;
				ORGANIZATIONNAME = "Back benchers";
				TargetAttributes = {
					83CB134F23D8E83D00117A88 = {
						CreatedOnToolsVersion = 11.3.1;
					};
				};
			};
			buildConfigurationList = 83CB134B23D8E83D00117A88 /* Build configuration list for PBXProject "NoteApp" */;
			compatibilityVersion = "Xcode 9.3";
			developmentRegion = en;
			hasScannedForEncodings = 0;
			knownRegions = (
				en,
				Base,
			);
			mainGroup = 83CB134723D8E83D00117A88;
			productRefGroup = 83CB135123D8E83D00117A88 /* Products */;
			projectDirPath = "";
			projectRoot = "";
			targets = (
				83CB134F23D8E83D00117A88 /* NoteApp */,
			);
		};
/* End PBXProject section */

/* Begin PBXResourcesBuildPhase section */
		83CB134E23D8E83D00117A88 /* Resources */ = {
			isa = PBXResourcesBuildPhase;
			buildActionMask = 2147483647;
			files = (
				83EB1A2623DD39D4005AF19D /* AudioCell.xib in Resources */,
				83CB136323D8E83E00117A88 /* LaunchScreen.storyboard in Resources */,
				83CB136023D8E83E00117A88 /* Assets.xcassets in Resources */,
				83EB1A2723DD39D4005AF19D /* ImageCell.xib in Resources */,
				83CB135B23D8E83D00117A88 /* Main.storyboard in Resources */,
			);
			runOnlyForDeploymentPostprocessing = 0;
		};
/* End PBXResourcesBuildPhase section */

/* Begin PBXSourcesBuildPhase section */
		83CB134C23D8E83D00117A88 /* Sources */ = {
			isa = PBXSourcesBuildPhase;
			buildActionMask = 2147483647;
			files = (
				8347436A23DA5A0D00506372 /* FolderData.swift in Sources */,
				83CB137C23D8E9EA00117A88 /* utils.swift in Sources */,
				83CB138023D9F9A300117A88 /* NotesVC.swift in Sources */,
				83CB138223D9FCC100117A88 /* FoldersVC.swift in Sources */,
				83EB1A2423DD39D4005AF19D /* AudioCell.swift in Sources */,
				83CB135423D8E83D00117A88 /* AppDelegate.swift in Sources */,
				83CB138423D9FF5F00117A88 /* TakeNoteVC.swift in Sources */,
				83CB137E23D8E9EA00117A88 /* Note.swift in Sources */,
				83CB137623D8E9EA00117A88 /* NoteCell.swift in Sources */,
				83CB135623D8E83D00117A88 /* SceneDelegate.swift in Sources */,
				83CB135E23D8E83D00117A88 /* NoteApp.xcdatamodeld in Sources */,
				83CB138823DA015800117A88 /* ListFoldersVC.swift in Sources */,
				83CB137723D8E9EA00117A88 /* FolderCell.swift in Sources */,
				E9B912DF23DD921900BB541C /* MapVC.swift in Sources */,
				83CB137D23D8E9EA00117A88 /* Folder.swift in Sources */,
				83EB1A2523DD39D4005AF19D /* ImageCell.swift in Sources */,
			);
			runOnlyForDeploymentPostprocessing = 0;
		};
/* End PBXSourcesBuildPhase section */

/* Begin PBXVariantGroup section */
		83CB135923D8E83D00117A88 /* Main.storyboard */ = {
			isa = PBXVariantGroup;
			children = (
				83CB135A23D8E83D00117A88 /* Base */,
			);
			name = Main.storyboard;
			sourceTree = "<group>";
		};
		83CB136123D8E83E00117A88 /* LaunchScreen.storyboard */ = {
			isa = PBXVariantGroup;
			children = (
				83CB136223D8E83E00117A88 /* Base */,
			);
			name = LaunchScreen.storyboard;
			sourceTree = "<group>";
		};
/* End PBXVariantGroup section */

/* Begin XCBuildConfiguration section */
		83CB136523D8E83E00117A88 /* Debug */ = {
			isa = XCBuildConfiguration;
			buildSettings = {
				ALWAYS_SEARCH_USER_PATHS = NO;
				CLANG_ANALYZER_NONNULL = YES;
				CLANG_ANALYZER_NUMBER_OBJECT_CONVERSION = YES_AGGRESSIVE;
				CLANG_CXX_LANGUAGE_STANDARD = "gnu++14";
				CLANG_CXX_LIBRARY = "libc++";
				CLANG_ENABLE_MODULES = YES;
				CLANG_ENABLE_OBJC_ARC = YES;
				CLANG_ENABLE_OBJC_WEAK = YES;
				CLANG_WARN_BLOCK_CAPTURE_AUTORELEASING = YES;
				CLANG_WARN_BOOL_CONVERSION = YES;
				CLANG_WARN_COMMA = YES;
				CLANG_WARN_CONSTANT_CONVERSION = YES;
				CLANG_WARN_DEPRECATED_OBJC_IMPLEMENTATIONS = YES;
				CLANG_WARN_DIRECT_OBJC_ISA_USAGE = YES_ERROR;
				CLANG_WARN_DOCUMENTATION_COMMENTS = YES;
				CLANG_WARN_EMPTY_BODY = YES;
				CLANG_WARN_ENUM_CONVERSION = YES;
				CLANG_WARN_INFINITE_RECURSION = YES;
				CLANG_WARN_INT_CONVERSION = YES;
				CLANG_WARN_NON_LITERAL_NULL_CONVERSION = YES;
				CLANG_WARN_OBJC_IMPLICIT_RETAIN_SELF = YES;
				CLANG_WARN_OBJC_LITERAL_CONVERSION = YES;
				CLANG_WARN_OBJC_ROOT_CLASS = YES_ERROR;
				CLANG_WARN_RANGE_LOOP_ANALYSIS = YES;
				CLANG_WARN_STRICT_PROTOTYPES = YES;
				CLANG_WARN_SUSPICIOUS_MOVE = YES;
				CLANG_WARN_UNGUARDED_AVAILABILITY = YES_AGGRESSIVE;
				CLANG_WARN_UNREACHABLE_CODE = YES;
				CLANG_WARN__DUPLICATE_METHOD_MATCH = YES;
				COPY_PHASE_STRIP = NO;
				DEBUG_INFORMATION_FORMAT = dwarf;
				ENABLE_STRICT_OBJC_MSGSEND = YES;
				ENABLE_TESTABILITY = YES;
				GCC_C_LANGUAGE_STANDARD = gnu11;
				GCC_DYNAMIC_NO_PIC = NO;
				GCC_NO_COMMON_BLOCKS = YES;
				GCC_OPTIMIZATION_LEVEL = 0;
				GCC_PREPROCESSOR_DEFINITIONS = (
					"DEBUG=1",
					"$(inherited)",
				);
				GCC_WARN_64_TO_32_BIT_CONVERSION = YES;
				GCC_WARN_ABOUT_RETURN_TYPE = YES_ERROR;
				GCC_WARN_UNDECLARED_SELECTOR = YES;
				GCC_WARN_UNINITIALIZED_AUTOS = YES_AGGRESSIVE;
				GCC_WARN_UNUSED_FUNCTION = YES;
				GCC_WARN_UNUSED_VARIABLE = YES;
				IPHONEOS_DEPLOYMENT_TARGET = 13.2;
				MTL_ENABLE_DEBUG_INFO = INCLUDE_SOURCE;
				MTL_FAST_MATH = YES;
				ONLY_ACTIVE_ARCH = YES;
				SDKROOT = iphoneos;
				SWIFT_ACTIVE_COMPILATION_CONDITIONS = DEBUG;
				SWIFT_OPTIMIZATION_LEVEL = "-Onone";
			};
			name = Debug;
		};
		83CB136623D8E83E00117A88 /* Release */ = {
			isa = XCBuildConfiguration;
			buildSettings = {
				ALWAYS_SEARCH_USER_PATHS = NO;
				CLANG_ANALYZER_NONNULL = YES;
				CLANG_ANALYZER_NUMBER_OBJECT_CONVERSION = YES_AGGRESSIVE;
				CLANG_CXX_LANGUAGE_STANDARD = "gnu++14";
				CLANG_CXX_LIBRARY = "libc++";
				CLANG_ENABLE_MODULES = YES;
				CLANG_ENABLE_OBJC_ARC = YES;
				CLANG_ENABLE_OBJC_WEAK = YES;
				CLANG_WARN_BLOCK_CAPTURE_AUTORELEASING = YES;
				CLANG_WARN_BOOL_CONVERSION = YES;
				CLANG_WARN_COMMA = YES;
				CLANG_WARN_CONSTANT_CONVERSION = YES;
				CLANG_WARN_DEPRECATED_OBJC_IMPLEMENTATIONS = YES;
				CLANG_WARN_DIRECT_OBJC_ISA_USAGE = YES_ERROR;
				CLANG_WARN_DOCUMENTATION_COMMENTS = YES;
				CLANG_WARN_EMPTY_BODY = YES;
				CLANG_WARN_ENUM_CONVERSION = YES;
				CLANG_WARN_INFINITE_RECURSION = YES;
				CLANG_WARN_INT_CONVERSION = YES;
				CLANG_WARN_NON_LITERAL_NULL_CONVERSION = YES;
				CLANG_WARN_OBJC_IMPLICIT_RETAIN_SELF = YES;
				CLANG_WARN_OBJC_LITERAL_CONVERSION = YES;
				CLANG_WARN_OBJC_ROOT_CLASS = YES_ERROR;
				CLANG_WARN_RANGE_LOOP_ANALYSIS = YES;
				CLANG_WARN_STRICT_PROTOTYPES = YES;
				CLANG_WARN_SUSPICIOUS_MOVE = YES;
				CLANG_WARN_UNGUARDED_AVAILABILITY = YES_AGGRESSIVE;
				CLANG_WARN_UNREACHABLE_CODE = YES;
				CLANG_WARN__DUPLICATE_METHOD_MATCH = YES;
				COPY_PHASE_STRIP = NO;
				DEBUG_INFORMATION_FORMAT = "dwarf-with-dsym";
				ENABLE_NS_ASSERTIONS = NO;
				ENABLE_STRICT_OBJC_MSGSEND = YES;
				GCC_C_LANGUAGE_STANDARD = gnu11;
				GCC_NO_COMMON_BLOCKS = YES;
				GCC_WARN_64_TO_32_BIT_CONVERSION = YES;
				GCC_WARN_ABOUT_RETURN_TYPE = YES_ERROR;
				GCC_WARN_UNDECLARED_SELECTOR = YES;
				GCC_WARN_UNINITIALIZED_AUTOS = YES_AGGRESSIVE;
				GCC_WARN_UNUSED_FUNCTION = YES;
				GCC_WARN_UNUSED_VARIABLE = YES;
				IPHONEOS_DEPLOYMENT_TARGET = 13.2;
				MTL_ENABLE_DEBUG_INFO = NO;
				MTL_FAST_MATH = YES;
				SDKROOT = iphoneos;
				SWIFT_COMPILATION_MODE = wholemodule;
				SWIFT_OPTIMIZATION_LEVEL = "-O";
				VALIDATE_PRODUCT = YES;
			};
			name = Release;
		};
		83CB136823D8E83E00117A88 /* Debug */ = {
			isa = XCBuildConfiguration;
			buildSettings = {
				ASSETCATALOG_COMPILER_APPICON_NAME = AppIcon;
				CODE_SIGN_STYLE = Automatic;
				DEVELOPMENT_TEAM = 98DSFBTA65;
				INFOPLIST_FILE = NoteApp/Info.plist;
				LD_RUNPATH_SEARCH_PATHS = (
					"$(inherited)",
					"@executable_path/Frameworks",
				);
				MARKETING_VERSION = 1.11;
				PRODUCT_BUNDLE_IDENTIFIER = "back-benchers.NoteApp-partings";
				PRODUCT_NAME = "$(TARGET_NAME)";
				SWIFT_VERSION = 5.0;
				TARGETED_DEVICE_FAMILY = "1,2";
			};
			name = Debug;
		};
		83CB136923D8E83E00117A88 /* Release */ = {
			isa = XCBuildConfiguration;
			buildSettings = {
				ASSETCATALOG_COMPILER_APPICON_NAME = AppIcon;
				CODE_SIGN_STYLE = Automatic;
				DEVELOPMENT_TEAM = 98DSFBTA65;
				INFOPLIST_FILE = NoteApp/Info.plist;
				LD_RUNPATH_SEARCH_PATHS = (
					"$(inherited)",
					"@executable_path/Frameworks",
				);
				MARKETING_VERSION = 1.11;
				PRODUCT_BUNDLE_IDENTIFIER = "back-benchers.NoteApp-partings";
				PRODUCT_NAME = "$(TARGET_NAME)";
				SWIFT_VERSION = 5.0;
				TARGETED_DEVICE_FAMILY = "1,2";
			};
			name = Release;
		};
/* End XCBuildConfiguration section */

/* Begin XCConfigurationList section */
		83CB134B23D8E83D00117A88 /* Build configuration list for PBXProject "NoteApp" */ = {
			isa = XCConfigurationList;
			buildConfigurations = (
				83CB136523D8E83E00117A88 /* Debug */,
				83CB136623D8E83E00117A88 /* Release */,
			);
			defaultConfigurationIsVisible = 0;
			defaultConfigurationName = Release;
		};
		83CB136723D8E83E00117A88 /* Build configuration list for PBXNativeTarget "NoteApp" */ = {
			isa = XCConfigurationList;
			buildConfigurations = (
				83CB136823D8E83E00117A88 /* Debug */,
				83CB136923D8E83E00117A88 /* Release */,
			);
			defaultConfigurationIsVisible = 0;
			defaultConfigurationName = Release;
		};
/* End XCConfigurationList section */

/* Begin XCVersionGroup section */
		83CB135C23D8E83D00117A88 /* NoteApp.xcdatamodeld */ = {
			isa = XCVersionGroup;
			children = (
				83CB135D23D8E83D00117A88 /* NoteApp.xcdatamodel */,
			);
			currentVersion = 83CB135D23D8E83D00117A88 /* NoteApp.xcdatamodel */;
			path = NoteApp.xcdatamodeld;
			sourceTree = "<group>";
			versionGroupType = wrapper.xcdatamodel;
		};
/* End XCVersionGroup section */
	};
	rootObject = 83CB134823D8E83D00117A88 /* Project object */;
}
